{
  "name": "dangfei",
  "version": "1.0.0",
  "lockfileVersion": 1,
  "requires": true,
  "dependencies": {
    "bootstrap": {
      "version": "3.4.1",
      "resolved": "https://registry.npmjs.org/bootstrap/-/bootstrap-3.4.1.tgz",
      "integrity": "sha512-yN5oZVmRCwe5aKwzRj6736nSmKDX7pLYwsXiCj/EYmo16hODaBiT4En5btW/jhBF/seV+XMx3aYwukYC3A49DA=="
    },
    "gulp-clean": {
      "version": "0.4.0",
      "resolved": "https://registry.npm.taobao.org/gulp-clean/download/gulp-clean-0.4.0.tgz",
      "dev": true,
      "dependencies": {
        "fancy-log": {
          "version": "https://registry.npm.taobao.org/fancy-log/download/fancy-log-1.3.3.tgz"
        },
        "plugin-error": {
          "version": "https://registry.npm.taobao.org/plugin-error/download/plugin-error-0.1.2.tgz",
          "dependencies": {
            "ansi-cyan": {
              "version": "https://registry.npm.taobao.org/ansi-cyan/download/ansi-cyan-0.1.1.tgz"
            },
            "ansi-red": {
              "version": "https://registry.npm.taobao.org/ansi-red/download/ansi-red-0.1.1.tgz"
            },
            "arr-diff": {
              "version": "https://registry.npm.taobao.org/arr-diff/download/arr-diff-1.1.0.tgz"
            },
            "arr-union": {
              "version": "https://registry.npm.taobao.org/arr-union/download/arr-union-2.1.0.tgz"
            },
            "extend-shallow": {
              "version": "https://registry.npm.taobao.org/extend-shallow/download/extend-shallow-1.1.4.tgz"
            }
          }
        },
        "rimraf": {
          "version": "https://registry.npm.taobao.org/rimraf/download/rimraf-2.6.3.tgz",
          "dependencies": {
            "glob": {
              "version": "https://registry.npm.taobao.org/glob/download/glob-7.1.4.tgz",
              "dependencies": {
                "fs.realpath": {
                  "version": "https://registry.npm.taobao.org/fs.realpath/download/fs.realpath-1.0.0.tgz",
                  "bundled": true
                },
                "inflight": {
                  "version": "https://registry.npm.taobao.org/inflight/download/inflight-1.0.6.tgz",
                  "bundled": true
                },
                "inherits": {
                  "version": "https://registry.npm.taobao.org/inherits/download/inherits-2.0.3.tgz",
                  "bundled": true
                },
                "minimatch": {
                  "version": "https://registry.npm.taobao.org/minimatch/download/minimatch-3.0.4.tgz?cache=0&other_urls=https%3A%2F%2Fregistry.npm.taobao.org%2Fminimatch%2Fdownload%2Fminimatch-3.0.4.tgz",
                  "bundled": true
                },
                "once": {
                  "version": "https://registry.npm.taobao.org/once/download/once-1.4.0.tgz",
                  "bundled": true,
                  "dependencies": {
                    "wrappy": {
                      "version": "https://registry.npm.taobao.org/wrappy/download/wrappy-1.0.2.tgz",
                      "bundled": true
                    }
                  }
                },
                "path-is-absolute": {
                  "version": "https://registry.npm.taobao.org/path-is-absolute/download/path-is-absolute-1.0.1.tgz",
                  "bundled": true
                }
              }
            }
          }
        },
        "through2": {
          "version": "https://registry.npm.taobao.org/through2/download/through2-2.0.5.tgz"
        },
        "vinyl": {
          "version": "https://registry.npm.taobao.org/vinyl/download/vinyl-2.2.0.tgz?cache=0&other_urls=https%3A%2F%2Fregistry.npm.taobao.org%2Fvinyl%2Fdownload%2Fvinyl-2.2.0.tgz",
          "dependencies": {
            "clone": {
              "version": "https://registry.npm.taobao.org/clone/download/clone-2.1.2.tgz?cache=0&other_urls=https%3A%2F%2Fregistry.npm.taobao.org%2Fclone%2Fdownload%2Fclone-2.1.2.tgz",
              "bundled": true
            },
            "clone-buffer": {
              "version": "https://registry.npm.taobao.org/clone-buffer/download/clone-buffer-1.0.0.tgz",
              "bundled": true
            },
            "clone-stats": {
              "version": "https://registry.npm.taobao.org/clone-stats/download/clone-stats-1.0.0.tgz",
              "bundled": true
            },
            "cloneable-readable": {
              "version": "https://registry.npm.taobao.org/cloneable-readable/download/cloneable-readable-1.1.3.tgz?cache=0&other_urls=https%3A%2F%2Fregistry.npm.taobao.org%2Fcloneable-readable%2Fdownload%2Fcloneable-readable-1.1.3.tgz",
              "bundled": true
            },
            "remove-trailing-separator": {
              "version": "https://registry.npm.taobao.org/remove-trailing-separator/download/remove-trailing-separator-1.1.0.tgz",
              "bundled": true
            },
            "replace-ext": {
              "version": "https://registry.npm.taobao.org/replace-ext/download/replace-ext-1.0.0.tgz",
              "bundled": true
            }
          }
        }
      }
    },
    "gulp-concat": {
      "version": "2.6.1",
      "resolved": "https://registry.npm.taobao.org/gulp-concat/download/gulp-concat-2.6.1.tgz",
      "dev": true,
      "dependencies": {
        "concat-with-sourcemaps": {
          "version": "https://registry.npm.taobao.org/concat-with-sourcemaps/download/concat-with-sourcemaps-1.1.0.tgz"
        },
        "through2": {
          "version": "https://registry.npm.taobao.org/through2/download/through2-2.0.5.tgz",
          "dependencies": {
            "readable-stream": {
              "version": "https://registry.npm.taobao.org/readable-stream/download/readable-stream-2.3.6.tgz?cache=0&other_urls=https%3A%2F%2Fregistry.npm.taobao.org%2Freadable-stream%2Fdownload%2Freadable-stream-2.3.6.tgz",
              "bundled": true,
              "dependencies": {
                "core-util-is": {
                  "version": "https://registry.npm.taobao.org/core-util-is/download/core-util-is-1.0.2.tgz"
                },
                "inherits": {
                  "version": "https://registry.npm.taobao.org/inherits/download/inherits-2.0.3.tgz"
                },
                "isarray": {
                  "version": "https://registry.npm.taobao.org/isarray/download/isarray-1.0.0.tgz"
                },
                "process-nextick-args": {
                  "version": "https://registry.npm.taobao.org/process-nextick-args/download/process-nextick-args-2.0.0.tgz"
                },
                "safe-buffer": {
                  "version": "https://registry.npm.taobao.org/safe-buffer/download/safe-buffer-5.1.2.tgz"
                },
                "string_decoder": {
                  "version": "https://registry.npm.taobao.org/string_decoder/download/string_decoder-1.1.1.tgz"
                },
                "util-deprecate": {
                  "version": "https://registry.npm.taobao.org/util-deprecate/download/util-deprecate-1.0.2.tgz"
                }
              }
            },
            "xtend": {
              "version": "https://registry.npm.taobao.org/xtend/download/xtend-4.0.1.tgz",
              "bundled": true
            }
          }
        },
        "vinyl": {
          "version": "https://registry.npm.taobao.org/vinyl/download/vinyl-2.2.0.tgz?cache=0&other_urls=https%3A%2F%2Fregistry.npm.taobao.org%2Fvinyl%2Fdownload%2Fvinyl-2.2.0.tgz"
        }
      }
    },
    "gulp-connect": {
      "version": "5.7.0",
      "resolved": "https://registry.npm.taobao.org/gulp-connect/download/gulp-connect-5.7.0.tgz",
      "dev": true,
      "dependencies": {
        "ansi-colors": {
          "version": "https://registry.npm.taobao.org/ansi-colors/download/ansi-colors-2.0.5.tgz",
          "bundled": true
        },
        "connect": {
          "version": "https://registry.npm.taobao.org/connect/download/connect-3.7.0.tgz?cache=0&other_urls=https%3A%2F%2Fregistry.npm.taobao.org%2Fconnect%2Fdownload%2Fconnect-3.7.0.tgz",
          "bundled": true,
          "dependencies": {
            "debug": {
              "version": "https://registry.npm.taobao.org/debug/download/debug-2.6.9.tgz?cache=0&other_urls=https%3A%2F%2Fregistry.npm.taobao.org%2Fdebug%2Fdownload%2Fdebug-2.6.9.tgz",
              "bundled": true,
              "dependencies": {
                "ms": {
                  "version": "https://registry.npm.taobao.org/ms/download/ms-2.0.0.tgz"
                }
              }
            },
            "finalhandler": {
              "version": "https://registry.npm.taobao.org/finalhandler/download/finalhandler-1.1.2.tgz",
              "bundled": true
            },
            "parseurl": {
              "version": "https://registry.npm.taobao.org/parseurl/download/parseurl-1.3.3.tgz",
              "bundled": true
            },
            "utils-merge": {
              "version": "https://registry.npm.taobao.org/utils-merge/download/utils-merge-1.0.1.tgz",
              "bundled": true
            }
          }
        },
        "connect-livereload": {
          "version": "https://registry.npm.taobao.org/connect-livereload/download/connect-livereload-0.6.1.tgz",
          "bundled": true
        },
        "fancy-log": {
          "version": "https://registry.npm.taobao.org/fancy-log/download/fancy-log-1.3.3.tgz",
          "bundled": true,
          "dependencies": {
            "ansi-gray": {
              "version": "https://registry.npm.taobao.org/ansi-gray/download/ansi-gray-0.1.1.tgz"
            },
            "color-support": {
              "version": "https://registry.npm.taobao.org/color-support/download/color-support-1.1.3.tgz"
            },
            "parse-node-version": {
              "version": "https://registry.npm.taobao.org/parse-node-version/download/parse-node-version-1.0.1.tgz"
            },
            "time-stamp": {
              "version": "https://registry.npm.taobao.org/time-stamp/download/time-stamp-1.1.0.tgz"
            }
          }
        },
        "map-stream": {
          "version": "https://registry.npm.taobao.org/map-stream/download/map-stream-0.0.7.tgz",
          "bundled": true
        },
        "send": {
          "version": "https://registry.npm.taobao.org/send/download/send-0.16.2.tgz",
          "bundled": true
        },
        "serve-index": {
          "version": "https://registry.npm.taobao.org/serve-index/download/serve-index-1.9.1.tgz",
          "bundled": true
        },
        "serve-static": {
          "version": "https://registry.npm.taobao.org/serve-static/download/serve-static-1.14.1.tgz",
          "bundled": true
        },
        "tiny-lr": {
          "version": "https://registry.npm.taobao.org/tiny-lr/download/tiny-lr-1.1.1.tgz",
          "bundled": true
        }
      }
    },
    "gulp-cssmin": {
      "version": "0.2.0",
      "resolved": "https://registry.npm.taobao.org/gulp-cssmin/download/gulp-cssmin-0.2.0.tgz",
      "dev": true,
      "dependencies": {
        "clean-css": {
          "version": "https://registry.npm.taobao.org/clean-css/download/clean-css-3.4.28.tgz",
          "dependencies": {
            "commander": {
              "version": "https://registry.npm.taobao.org/commander/download/commander-2.8.1.tgz",
              "dependencies": {
                "graceful-readlink": {
                  "version": "https://registry.npm.taobao.org/graceful-readlink/download/graceful-readlink-1.0.1.tgz"
                }
              }
            },
            "source-map": {
              "version": "https://registry.npm.taobao.org/source-map/download/source-map-0.4.4.tgz"
            }
          }
        },
        "filesize": {
          "version": "https://registry.npm.taobao.org/filesize/download/filesize-2.0.4.tgz?cache=0&other_urls=https%3A%2F%2Fregistry.npm.taobao.org%2Ffilesize%2Fdownload%2Ffilesize-2.0.4.tgz"
        },
        "graceful-fs": {
          "version": "https://registry.npm.taobao.org/graceful-fs/download/graceful-fs-4.1.15.tgz"
        },
        "gulp-rename": {
          "version": "https://registry.npm.taobao.org/gulp-rename/download/gulp-rename-1.1.0.tgz"
        },
        "gulp-util": {
          "version": "https://registry.npm.taobao.org/gulp-util/download/gulp-util-2.2.20.tgz"
        },
        "map-stream": {
          "version": "https://registry.npm.taobao.org/map-stream/download/map-stream-0.0.4.tgz"
        },
        "temp-write": {
          "version": "https://registry.npm.taobao.org/temp-write/download/temp-write-0.1.1.tgz"
        }
      }
    },
    "gulp-imagemin": {
      "version": "6.0.0",
      "resolved": "https://registry.npm.taobao.org/gulp-imagemin/download/gulp-imagemin-6.0.0.tgz",
      "dev": true,
      "dependencies": {
        "chalk": {
          "version": "https://registry.npm.taobao.org/chalk/download/chalk-2.4.2.tgz",
          "bundled": true
        },
        "fancy-log": {
          "version": "https://registry.npm.taobao.org/fancy-log/download/fancy-log-1.3.3.tgz",
          "bundled": true,
          "dependencies": {
            "ansi-gray": {
              "version": "https://registry.npm.taobao.org/ansi-gray/download/ansi-gray-0.1.1.tgz"
            },
            "color-support": {
              "version": "https://registry.npm.taobao.org/color-support/download/color-support-1.1.3.tgz"
            },
            "parse-node-version": {
              "version": "https://registry.npm.taobao.org/parse-node-version/download/parse-node-version-1.0.1.tgz"
            },
            "time-stamp": {
              "version": "https://registry.npm.taobao.org/time-stamp/download/time-stamp-1.1.0.tgz"
            }
          }
        },
        "imagemin": {
          "version": "https://registry.npm.taobao.org/imagemin/download/imagemin-6.1.0.tgz",
          "bundled": true
        },
        "imagemin-gifsicle": {
          "version": "https://registry.npm.taobao.org/imagemin-gifsicle/download/imagemin-gifsicle-6.0.1.tgz",
          "bundled": true
        },
        "imagemin-jpegtran": {
          "version": "https://registry.npm.taobao.org/imagemin-jpegtran/download/imagemin-jpegtran-6.0.0.tgz",
          "bundled": true
        },
        "imagemin-optipng": {
          "version": "https://registry.npm.taobao.org/imagemin-optipng/download/imagemin-optipng-6.0.0.tgz",
          "bundled": true
        },
        "imagemin-svgo": {
          "version": "https://registry.npm.taobao.org/imagemin-svgo/download/imagemin-svgo-7.0.0.tgz",
          "bundled": true
        },
        "plugin-error": {
          "version": "https://registry.npm.taobao.org/plugin-error/download/plugin-error-1.0.1.tgz",
          "bundled": true
        },
        "plur": {
          "version": "https://registry.npm.taobao.org/plur/download/plur-3.1.1.tgz",
          "bundled": true
        },
        "pretty-bytes": {
          "version": "https://registry.npm.taobao.org/pretty-bytes/download/pretty-bytes-5.2.0.tgz",
          "bundled": true
        },
        "through2-concurrent": {
          "version": "https://registry.npm.taobao.org/through2-concurrent/download/through2-concurrent-2.0.0.tgz",
          "bundled": true
        }
      }
    },
    "gulp-less": {
      "version": "4.0.1",
      "resolved": "https://registry.npm.taobao.org/gulp-less/download/gulp-less-4.0.1.tgz",
      "dev": true,
      "dependencies": {
        "accord": {
          "version": "https://registry.npm.taobao.org/accord/download/accord-0.29.0.tgz",
          "bundled": true,
          "dependencies": {
            "convert-source-map": {
              "version": "https://registry.npm.taobao.org/convert-source-map/download/convert-source-map-1.6.0.tgz",
              "bundled": true
            },
            "glob": {
              "version": "https://registry.npm.taobao.org/glob/download/glob-7.1.4.tgz",
              "bundled": true
            },
            "indx": {
              "version": "https://registry.npm.taobao.org/indx/download/indx-0.2.3.tgz",
              "bundled": true
            },
            "lodash.clone": {
              "version": "https://registry.npm.taobao.org/lodash.clone/download/lodash.clone-4.5.0.tgz",
              "bundled": true
            },
            "lodash.defaults": {
              "version": "https://registry.npm.taobao.org/lodash.defaults/download/lodash.defaults-4.2.0.tgz",
              "bundled": true
            },
            "lodash.flatten": {
              "version": "https://registry.npm.taobao.org/lodash.flatten/download/lodash.flatten-4.4.0.tgz",
              "bundled": true
            },
            "lodash.merge": {
              "version": "https://registry.npm.taobao.org/lodash.merge/download/lodash.merge-4.6.1.tgz",
              "bundled": true
            },
            "lodash.partialright": {
              "version": "https://registry.npm.taobao.org/lodash.partialright/download/lodash.partialright-4.2.1.tgz",
              "bundled": true
            },
            "lodash.pick": {
              "version": "https://registry.npm.taobao.org/lodash.pick/download/lodash.pick-4.4.0.tgz",
              "bundled": true
            },
            "lodash.uniq": {
              "version": "https://registry.npm.taobao.org/lodash.uniq/download/lodash.uniq-4.5.0.tgz",
              "bundled": true
            },
            "resolve": {
              "version": "https://registry.npm.taobao.org/resolve/download/resolve-1.11.1.tgz?cache=0&other_urls=https%3A%2F%2Fregistry.npm.taobao.org%2Fresolve%2Fdownload%2Fresolve-1.11.1.tgz",
              "bundled": true,
              "dependencies": {
                "path-parse": {
                  "version": "https://registry.npm.taobao.org/path-parse/download/path-parse-1.0.6.tgz"
                }
              }
            },
            "semver": {
              "version": "https://registry.npm.taobao.org/semver/download/semver-5.7.0.tgz?cache=0&sync_timestamp=1559063729249&other_urls=https%3A%2F%2Fregistry.npm.taobao.org%2Fsemver%2Fdownload%2Fsemver-5.7.0.tgz",
              "bundled": true
            },
            "uglify-js": {
              "version": "https://registry.npm.taobao.org/uglify-js/download/uglify-js-2.8.29.tgz?cache=0&other_urls=https%3A%2F%2Fregistry.npm.taobao.org%2Fuglify-js%2Fdownload%2Fuglify-js-2.8.29.tgz",
              "bundled": true
            },
            "when": {
              "version": "https://registry.npm.taobao.org/when/download/when-3.7.8.tgz",
              "bundled": true
            }
          }
        },
        "less": {
          "version": "https://registry.npm.taobao.org/less/download/less-3.9.0.tgz",
          "bundled": true
        },
        "object-assign": {
          "version": "https://registry.npm.taobao.org/object-assign/download/object-assign-4.1.1.tgz",
          "bundled": true
        },
        "plugin-error": {
          "version": "https://registry.npm.taobao.org/plugin-error/download/plugin-error-0.1.2.tgz",
          "bundled": true
        },
        "replace-ext": {
          "version": "https://registry.npm.taobao.org/replace-ext/download/replace-ext-1.0.0.tgz",
          "bundled": true
        },
        "through2": {
          "version": "https://registry.npm.taobao.org/through2/download/through2-2.0.5.tgz",
          "bundled": true,
          "dependencies": {
            "readable-stream": {
              "version": "https://registry.npm.taobao.org/readable-stream/download/readable-stream-2.3.6.tgz?cache=0&other_urls=https%3A%2F%2Fregistry.npm.taobao.org%2Freadable-stream%2Fdownload%2Freadable-stream-2.3.6.tgz",
              "bundled": true,
              "dependencies": {}
            },
            "xtend": {
              "version": "https://registry.npm.taobao.org/xtend/download/xtend-4.0.1.tgz",
              "bundled": true
            }
          }
        },
        "vinyl-sourcemaps-apply": {
          "version": "https://registry.npm.taobao.org/vinyl-sourcemaps-apply/download/vinyl-sourcemaps-apply-0.2.1.tgz",
          "bundled": true
        }
      }
    },
    "gulp-load-plugins": {
      "version": "1.6.0",
      "resolved": "https://registry.npm.taobao.org/gulp-load-plugins/download/gulp-load-plugins-1.6.0.tgz",
      "dev": true,
      "dependencies": {
        "array-unique": {
          "version": "https://registry.npm.taobao.org/array-unique/download/array-unique-0.2.1.tgz"
        },
        "fancy-log": {
          "version": "https://registry.npm.taobao.org/fancy-log/download/fancy-log-1.3.3.tgz",
          "dependencies": {
            "ansi-gray": {
              "version": "https://registry.npm.taobao.org/ansi-gray/download/ansi-gray-0.1.1.tgz"
            },
            "color-support": {
              "version": "https://registry.npm.taobao.org/color-support/download/color-support-1.1.3.tgz"
            },
            "parse-node-version": {
              "version": "https://registry.npm.taobao.org/parse-node-version/download/parse-node-version-1.0.1.tgz"
            },
            "time-stamp": {
              "version": "https://registry.npm.taobao.org/time-stamp/download/time-stamp-1.1.0.tgz"
            }
          }
        },
        "findup-sync": {
          "version": "https://registry.npm.taobao.org/findup-sync/download/findup-sync-3.0.0.tgz",
          "dependencies": {
            "detect-file": {
              "version": "https://registry.npm.taobao.org/detect-file/download/detect-file-1.0.0.tgz"
            },
            "is-glob": {
              "version": "https://registry.npm.taobao.org/is-glob/download/is-glob-4.0.1.tgz",
              "dependencies": {
                "is-extglob": {
                  "version": "https://registry.npm.taobao.org/is-extglob/download/is-extglob-2.1.1.tgz"
                }
              }
            },
            "micromatch": {
              "version": "https://registry.npm.taobao.org/micromatch/download/micromatch-3.1.10.tgz"
            },
            "resolve-dir": {
              "version": "https://registry.npm.taobao.org/resolve-dir/download/resolve-dir-1.0.1.tgz"
            }
          }
        },
        "gulplog": {
          "version": "https://registry.npm.taobao.org/gulplog/download/gulplog-1.0.0.tgz",
          "dependencies": {
            "glogg": {
              "version": "https://registry.npm.taobao.org/glogg/download/glogg-1.0.2.tgz"
            }
          }
        },
        "has-gulplog": {
          "version": "https://registry.npm.taobao.org/has-gulplog/download/has-gulplog-0.1.0.tgz"
        },
        "micromatch": {
          "version": "https://registry.npm.taobao.org/micromatch/download/micromatch-3.1.10.tgz",
          "dependencies": {
            "arr-diff": {
              "version": "https://registry.npm.taobao.org/arr-diff/download/arr-diff-4.0.0.tgz"
            },
            "array-unique": {
              "version": "https://registry.npm.taobao.org/array-unique/download/array-unique-0.3.2.tgz"
            },
            "braces": {
              "version": "https://registry.npm.taobao.org/braces/download/braces-2.3.2.tgz"
            },
            "define-property": {
              "version": "https://registry.npm.taobao.org/define-property/download/define-property-2.0.2.tgz",
              "dependencies": {
                "is-descriptor": {
                  "version": "https://registry.npm.taobao.org/is-descriptor/download/is-descriptor-1.0.2.tgz",
                  "bundled": true
                },
                "isobject": {
                  "version": "https://registry.npm.taobao.org/isobject/download/isobject-3.0.1.tgz",
                  "bundled": true
                }
              }
            },
            "extend-shallow": {
              "version": "https://registry.npm.taobao.org/extend-shallow/download/extend-shallow-3.0.2.tgz",
              "dependencies": {
                "assign-symbols": {
                  "version": "https://registry.npm.taobao.org/assign-symbols/download/assign-symbols-1.0.0.tgz"
                },
                "is-extendable": {
                  "version": "https://registry.npm.taobao.org/is-extendable/download/is-extendable-1.0.1.tgz",
                  "dependencies": {
                    "is-plain-object": {
                      "version": "https://registry.npm.taobao.org/is-plain-object/download/is-plain-object-2.0.4.tgz",
                      "dependencies": {
                        "isobject": {
                          "version": "https://registry.npm.taobao.org/isobject/download/isobject-3.0.1.tgz"
                        }
                      }
                    }
                  }
                }
              }
            },
            "extglob": {
              "version": "https://registry.npm.taobao.org/extglob/download/extglob-2.0.4.tgz",
              "dependencies": {
                "array-unique": {
                  "version": "https://registry.npm.taobao.org/array-unique/download/array-unique-0.3.2.tgz"
                },
                "define-property": {
                  "version": "https://registry.npm.taobao.org/define-property/download/define-property-1.0.0.tgz",
                  "dependencies": {
                    "is-descriptor": {
                      "version": "https://registry.npm.taobao.org/is-descriptor/download/is-descriptor-1.0.2.tgz",
                      "dependencies": {
                        "is-accessor-descriptor": {
                          "version": "https://registry.npm.taobao.org/is-accessor-descriptor/download/is-accessor-descriptor-1.0.0.tgz"
                        },
                        "is-data-descriptor": {
                          "version": "https://registry.npm.taobao.org/is-data-descriptor/download/is-data-descriptor-1.0.0.tgz"
                        },
                        "kind-of": {
                          "version": "https://registry.npm.taobao.org/kind-of/download/kind-of-6.0.2.tgz"
                        }
                      }
                    }
                  }
                },
                "expand-brackets": {
                  "version": "https://registry.npm.taobao.org/expand-brackets/download/expand-brackets-2.1.4.tgz"
                },
                "extend-shallow": {
                  "version": "https://registry.npm.taobao.org/extend-shallow/download/extend-shallow-2.0.1.tgz",
                  "dependencies": {
                    "is-extendable": {
                      "version": "https://registry.npm.taobao.org/is-extendable/download/is-extendable-0.1.1.tgz"
                    }
                  }
                },
                "fragment-cache": {
                  "version": "https://registry.npm.taobao.org/fragment-cache/download/fragment-cache-0.2.1.tgz",
                  "dependencies": {
                    "map-cache": {
                      "version": "https://registry.npm.taobao.org/map-cache/download/map-cache-0.2.2.tgz",
                      "bundled": true
                    }
                  }
                },
                "regex-not": {
                  "version": "https://registry.npm.taobao.org/regex-not/download/regex-not-1.0.2.tgz",
                  "dependencies": {
                    "extend-shallow": {
                      "version": "https://registry.npm.taobao.org/extend-shallow/download/extend-shallow-3.0.2.tgz",
                      "dependencies": {
                        "assign-symbols": {
                          "version": "https://registry.npm.taobao.org/assign-symbols/download/assign-symbols-1.0.0.tgz"
                        },
                        "is-extendable": {
                          "version": "https://registry.npm.taobao.org/is-extendable/download/is-extendable-1.0.1.tgz",
                          "dependencies": {}
                        }
                      }
                    },
                    "safe-regex": {
                      "version": "https://registry.npm.taobao.org/safe-regex/download/safe-regex-1.1.0.tgz"
                    }
                  }
                },
                "snapdragon": {
                  "version": "https://registry.npm.taobao.org/snapdragon/download/snapdragon-0.8.2.tgz",
                  "dependencies": {
                    "base": {
                      "version": "https://registry.npm.taobao.org/base/download/base-0.11.2.tgz",
                      "bundled": true,
                      "dependencies": {
                        "cache-base": {
                          "version": "https://registry.npm.taobao.org/cache-base/download/cache-base-1.0.1.tgz",
                          "bundled": true
                        },
                        "class-utils": {
                          "version": "https://registry.npm.taobao.org/class-utils/download/class-utils-0.3.6.tgz",
                          "bundled": true
                        },
                        "component-emitter": {
                          "version": "https://registry.npm.taobao.org/component-emitter/download/component-emitter-1.3.0.tgz",
                          "bundled": true
                        },
                        "define-property": {
                          "version": "https://registry.npm.taobao.org/define-property/download/define-property-1.0.0.tgz",
                          "bundled": true,
                          "dependencies": {
                            "is-descriptor": {
                              "version": "https://registry.npm.taobao.org/is-descriptor/download/is-descriptor-1.0.2.tgz",
                              "dependencies": {}
                            }
                          }
                        },
                        "isobject": {
                          "version": "https://registry.npm.taobao.org/isobject/download/isobject-3.0.1.tgz",
                          "bundled": true
                        },
                        "mixin-deep": {
                          "version": "https://registry.npm.taobao.org/mixin-deep/download/mixin-deep-1.3.1.tgz",
                          "bundled": true
                        },
                        "pascalcase": {
                          "version": "https://registry.npm.taobao.org/pascalcase/download/pascalcase-0.1.1.tgz",
                          "bundled": true
                        }
                      }
                    },
                    "debug": {
                      "version": "https://registry.npm.taobao.org/debug/download/debug-2.6.9.tgz?cache=0&other_urls=https%3A%2F%2Fregistry.npm.taobao.org%2Fdebug%2Fdownload%2Fdebug-2.6.9.tgz",
                      "bundled": true,
                      "dependencies": {
                        "ms": {
                          "version": "https://registry.npm.taobao.org/ms/download/ms-2.0.0.tgz"
                        }
                      }
                    },
                    "define-property": {
                      "version": "https://registry.npm.taobao.org/define-property/download/define-property-0.2.5.tgz",
                      "bundled": true,
                      "dependencies": {
                        "is-descriptor": {
                          "version": "https://registry.npm.taobao.org/is-descriptor/download/is-descriptor-0.1.6.tgz"
                        }
                      }
                    },
                    "extend-shallow": {
                      "version": "https://registry.npm.taobao.org/extend-shallow/download/extend-shallow-2.0.1.tgz",
                      "bundled": true,
                      "dependencies": {
                        "is-extendable": {
                          "version": "https://registry.npm.taobao.org/is-extendable/download/is-extendable-0.1.1.tgz"
                        }
                      }
                    },
                    "map-cache": {
                      "version": "https://registry.npm.taobao.org/map-cache/download/map-cache-0.2.2.tgz",
                      "bundled": true
                    },
                    "source-map": {
                      "version": "https://registry.npm.taobao.org/source-map/download/source-map-0.5.7.tgz",
                      "bundled": true
                    },
                    "source-map-resolve": {
                      "version": "https://registry.npm.taobao.org/source-map-resolve/download/source-map-resolve-0.5.2.tgz",
                      "bundled": true
                    },
                    "use": {
                      "version": "https://registry.npm.taobao.org/use/download/use-3.1.1.tgz",
                      "bundled": true
                    }
                  }
                },
                "to-regex": {
                  "version": "https://registry.npm.taobao.org/to-regex/download/to-regex-3.0.2.tgz",
                  "dependencies": {
                    "define-property": {
                      "version": "https://registry.npm.taobao.org/define-property/download/define-property-2.0.2.tgz",
                      "bundled": true
                    },
                    "extend-shallow": {
                      "version": "https://registry.npm.taobao.org/extend-shallow/download/extend-shallow-3.0.2.tgz",
                      "bundled": true,
                      "dependencies": {
                        "assign-symbols": {
                          "version": "https://registry.npm.taobao.org/assign-symbols/download/assign-symbols-1.0.0.tgz"
                        },
                        "is-extendable": {
                          "version": "https://registry.npm.taobao.org/is-extendable/download/is-extendable-1.0.1.tgz",
                          "dependencies": {}
                        }
                      }
                    },
                    "regex-not": {
                      "version": "https://registry.npm.taobao.org/regex-not/download/regex-not-1.0.2.tgz",
                      "bundled": true,
                      "dependencies": {
                        "extend-shallow": {
                          "version": "https://registry.npm.taobao.org/extend-shallow/download/extend-shallow-3.0.2.tgz",
                          "dependencies": {}
                        },
                        "safe-regex": {
                          "version": "https://registry.npm.taobao.org/safe-regex/download/safe-regex-1.1.0.tgz"
                        }
                      }
                    },
                    "safe-regex": {
                      "version": "https://registry.npm.taobao.org/safe-regex/download/safe-regex-1.1.0.tgz",
                      "bundled": true,
                      "dependencies": {
                        "ret": {
                          "version": "https://registry.npm.taobao.org/ret/download/ret-0.1.15.tgz"
                        }
                      }
                    }
                  }
                }
              }
            },
            "fragment-cache": {
              "version": "https://registry.npm.taobao.org/fragment-cache/download/fragment-cache-0.2.1.tgz",
              "dependencies": {
                "map-cache": {
                  "version": "https://registry.npm.taobao.org/map-cache/download/map-cache-0.2.2.tgz",
                  "bundled": true
                }
              }
            },
            "kind-of": {
              "version": "https://registry.npm.taobao.org/kind-of/download/kind-of-6.0.2.tgz"
            },
            "nanomatch": {
              "version": "https://registry.npm.taobao.org/nanomatch/download/nanomatch-1.2.13.tgz"
            },
            "object.pick": {
              "version": "https://registry.npm.taobao.org/object.pick/download/object.pick-1.3.0.tgz"
            },
            "regex-not": {
              "version": "https://registry.npm.taobao.org/regex-not/download/regex-not-1.0.2.tgz",
              "dependencies": {
                "extend-shallow": {
                  "version": "https://registry.npm.taobao.org/extend-shallow/download/extend-shallow-3.0.2.tgz",
                  "dependencies": {}
                },
                "safe-regex": {
                  "version": "https://registry.npm.taobao.org/safe-regex/download/safe-regex-1.1.0.tgz"
                }
              }
            },
            "snapdragon": {
              "version": "https://registry.npm.taobao.org/snapdragon/download/snapdragon-0.8.2.tgz",
              "dependencies": {
                "base": {
                  "version": "https://registry.npm.taobao.org/base/download/base-0.11.2.tgz",
                  "bundled": true,
                  "dependencies": {}
                },
                "debug": {
                  "version": "https://registry.npm.taobao.org/debug/download/debug-2.6.9.tgz?cache=0&other_urls=https%3A%2F%2Fregistry.npm.taobao.org%2Fdebug%2Fdownload%2Fdebug-2.6.9.tgz",
                  "bundled": true,
                  "dependencies": {}
                },
                "define-property": {
                  "version": "https://registry.npm.taobao.org/define-property/download/define-property-0.2.5.tgz",
                  "bundled": true,
                  "dependencies": {}
                },
                "extend-shallow": {
                  "version": "https://registry.npm.taobao.org/extend-shallow/download/extend-shallow-2.0.1.tgz",
                  "bundled": true,
                  "dependencies": {}
                },
                "map-cache": {
                  "version": "https://registry.npm.taobao.org/map-cache/download/map-cache-0.2.2.tgz",
                  "bundled": true
                },
                "source-map": {
                  "version": "https://registry.npm.taobao.org/source-map/download/source-map-0.5.7.tgz",
                  "bundled": true
                },
                "source-map-resolve": {
                  "version": "https://registry.npm.taobao.org/source-map-resolve/download/source-map-resolve-0.5.2.tgz",
                  "bundled": true
                },
                "use": {
                  "version": "https://registry.npm.taobao.org/use/download/use-3.1.1.tgz",
                  "bundled": true
                }
              }
            },
            "to-regex": {
              "version": "https://registry.npm.taobao.org/to-regex/download/to-regex-3.0.2.tgz",
              "dependencies": {
                "define-property": {
                  "version": "https://registry.npm.taobao.org/define-property/download/define-property-2.0.2.tgz",
                  "bundled": true
                },
                "extend-shallow": {
                  "version": "https://registry.npm.taobao.org/extend-shallow/download/extend-shallow-3.0.2.tgz",
                  "bundled": true,
                  "dependencies": {}
                },
                "regex-not": {
                  "version": "https://registry.npm.taobao.org/regex-not/download/regex-not-1.0.2.tgz",
                  "bundled": true,
                  "dependencies": {}
                },
                "safe-regex": {
                  "version": "https://registry.npm.taobao.org/safe-regex/download/safe-regex-1.1.0.tgz",
                  "bundled": true,
                  "dependencies": {}
                }
              }
            }
          }
        },
        "resolve": {
          "version": "https://registry.npm.taobao.org/resolve/download/resolve-1.11.1.tgz?cache=0&other_urls=https%3A%2F%2Fregistry.npm.taobao.org%2Fresolve%2Fdownload%2Fresolve-1.11.1.tgz",
          "dependencies": {
            "path-parse": {
              "version": "https://registry.npm.taobao.org/path-parse/download/path-parse-1.0.6.tgz"
            }
          }
        }
      }
    },
    "gulp-uglify": {
      "version": "3.0.2",
      "resolved": "https://registry.npm.taobao.org/gulp-uglify/download/gulp-uglify-3.0.2.tgz",
      "dev": true,
      "dependencies": {
        "array-each": {
          "version": "https://registry.npm.taobao.org/array-each/download/array-each-1.0.1.tgz",
          "bundled": true
        },
        "extend-shallow": {
          "version": "https://registry.npm.taobao.org/extend-shallow/download/extend-shallow-3.0.2.tgz",
          "bundled": true,
          "dependencies": {
            "assign-symbols": {
              "version": "https://registry.npm.taobao.org/assign-symbols/download/assign-symbols-1.0.0.tgz"
            },
            "is-extendable": {
              "version": "https://registry.npm.taobao.org/is-extendable/download/is-extendable-1.0.1.tgz",
              "dependencies": {}
            }
          }
        },
        "gulplog": {
          "version": "https://registry.npm.taobao.org/gulplog/download/gulplog-1.0.0.tgz",
          "bundled": true
        },
        "has-gulplog": {
          "version": "https://registry.npm.taobao.org/has-gulplog/download/has-gulplog-0.1.0.tgz",
          "bundled": true,
          "dependencies": {
            "sparkles": {
              "version": "https://registry.npm.taobao.org/sparkles/download/sparkles-1.0.1.tgz",
              "bundled": true
            }
          }
        },
        "isobject": {
          "version": "https://registry.npm.taobao.org/isobject/download/isobject-3.0.1.tgz",
          "bundled": true
        },
        "make-error-cause": {
          "version": "https://registry.npm.taobao.org/make-error-cause/download/make-error-cause-1.2.2.tgz",
          "bundled": true
        },
        "safe-buffer": {
          "version": "https://registry.npm.taobao.org/safe-buffer/download/safe-buffer-5.1.2.tgz",
          "bundled": true
        },
        "through2": {
          "version": "https://registry.npm.taobao.org/through2/download/through2-2.0.5.tgz",
          "bundled": true,
          "dependencies": {
            "readable-stream": {
              "version": "https://registry.npm.taobao.org/readable-stream/download/readable-stream-2.3.6.tgz?cache=0&other_urls=https%3A%2F%2Fregistry.npm.taobao.org%2Freadable-stream%2Fdownload%2Freadable-stream-2.3.6.tgz",
              "bundled": true,
              "dependencies": {}
            },
            "xtend": {
              "version": "https://registry.npm.taobao.org/xtend/download/xtend-4.0.1.tgz",
              "bundled": true
            }
          }
        },
        "uglify-js": {
          "version": "https://registry.npm.taobao.org/uglify-js/download/uglify-js-3.6.0.tgz?cache=0&other_urls=https%3A%2F%2Fregistry.npm.taobao.org%2Fuglify-js%2Fdownload%2Fuglify-js-3.6.0.tgz",
          "bundled": true
        },
        "vinyl-sourcemaps-apply": {
          "version": "https://registry.npm.taobao.org/vinyl-sourcemaps-apply/download/vinyl-sourcemaps-apply-0.2.1.tgz",
          "bundled": true,
          "dependencies": {
            "source-map": {
              "version": "https://registry.npm.taobao.org/source-map/download/source-map-0.5.7.tgz",
              "bundled": true
            }
          }
        }
      }
    },
    "open": {
      "version": "6.3.0",
      "resolved": "https://registry.npm.taobao.org/open/download/open-6.3.0.tgz",
      "dev": true,
      "dependencies": {
        "is-wsl": {
          "version": "https://registry.npm.taobao.org/is-wsl/download/is-wsl-1.1.0.tgz",
          "bundled": true
        }
      }
    }
  }
}
